
Microsoft Visual Studio Solution File, Format Version 12.00
# Visual Studio Version 16
VisualStudioVersion = 16.0.29519.87
MinimumVisualStudioVersion = 10.0.40219.1
Project("{FAE04EC0-301F-11D3-BF4B-00C04F79EFBC}") = "CSKH_SALONOTO", "CSKH_SALONOTO.csproj", "{76C2DF98-3975-45A7-8586-666CBD2EB284}"
EndProject
Global
	GlobalSection(SolutionConfigurationPlatforms) = preSolution
		Debug|Any CPU = Debug|Any CPU
		Release|Any CPU = Release|Any CPU
	EndGlobalSection
	GlobalSection(ProjectConfigurationPlatforms) = postSolution
		{76C2DF98-3975-45A7-8586-666CBD2EB284}.Debug|Any CPU.ActiveCfg = Debug|Any CPU
		{76C2DF98-3975-45A7-8586-666CBD2EB284}.Debug|Any CPU.Build.0 = Debug|Any CPU
		{76C2DF98-3975-45A7-8586-666CBD2EB284}.Release|Any CPU.ActiveCfg = Release|Any CPU
		{76C2DF98-3975-45A7-8586-666CBD2EB284}.Release|Any CPU.Build.0 = Release|Any CPU
	EndGlobalSection
	GlobalSection(SolutionProperties) = preSolution
		HideSolutionNode = FALSE
	EndGlobalSection
	GlobalSection(ExtensibilityGlobals) = postSolution
		SolutionGuid = {06E369DF-CC45-421D-9207-8A36819CDFB4}
	EndGlobalSection
EndGlobal
